{
  "version": 4,
  "terraform_version": "1.0.3",
  "serial": 510,
  "lineage": "bfd34f05-9880-a2c0-b28e-881845e7d0fd",
  "outputs": {
    "key": {
      "value": "ssh-rsa AAAAB3NzaC1yc2EAAAADAQABAAABAQDITKFfMwiNApHwGt0deXmzcu4Iw5Gdr1Z58Axrgz2d/DMJmDZ1fXgl9YInT+KRsRHpX1//q84ZHFrSqLzUTv+Io2hzlnI6SEdmliCXDdkegEnUegyVJHk2KusZH91/AatIq4EfuMjIglgvz3Mq0V3KZwJsZnT+Og5CKSn3LVwaSvaQpDUMZpZTBe4EMYanLhS86Mv0UUotlKbxgJS3WAl+FHT5GcGRwxDIY4m+sZMZmuTfx9NapeqNgYaABj4tPEkjk0lqbC0ni6qIl9tBdPJDoqlYLpqOB2BEijMCflWSEBxKQXgLpjKkNjJ+ALJr3hoRDZUr0GspcoEtKDtWYWEF",
      "type": "string"
    }
  },
  "resources": [
    {
      "mode": "managed",
      "type": "aws_default_route_table",
      "name": "ISE_routetable",
      "provider": "provider[\"registry.terraform.io/hashicorp/aws\"]",
      "instances": [
        {
          "schema_version": 0,
          "attributes": {
            "arn": "arn:aws:ec2:us-west-2:426391735648:route-table/rtb-0af44dfe3d6aefbfb",
            "default_route_table_id": "rtb-0af44dfe3d6aefbfb",
            "id": "rtb-0af44dfe3d6aefbfb",
            "owner_id": "426391735648",
            "propagating_vgws": [],
            "route": [
              {
                "cidr_block": "0.0.0.0/0",
                "destination_prefix_list_id": "",
                "egress_only_gateway_id": "",
                "gateway_id": "igw-0196b88100fc0ec37",
                "instance_id": "",
                "ipv6_cidr_block": "",
                "nat_gateway_id": "",
                "network_interface_id": "",
                "transit_gateway_id": "",
                "vpc_endpoint_id": "",
                "vpc_peering_connection_id": ""
              }
            ],
            "tags": {
              "Name": "ISE_routetable"
            },
            "tags_all": {
              "Name": "ISE_routetable"
            },
            "vpc_id": "vpc-085771506208a66d6"
          },
          "sensitive_attributes": [],
          "private": "bnVsbA==",
          "dependencies": [
            "aws_internet_gateway.gw",
            "aws_vpc.ISE_VPC"
          ]
        }
      ]
    },
    {
      "mode": "managed",
      "type": "aws_instance",
      "name": "ISE_Server",
      "provider": "provider[\"registry.terraform.io/hashicorp/aws\"]",
      "instances": [
        {
          "status": "tainted",
          "schema_version": 1,
          "attributes": {
            "ami": "ami-0ef2cc6c45ca5fc1f",
            "arn": "arn:aws:ec2:us-west-2:426391735648:instance/i-0b2f4b064a96f4a5c",
            "associate_public_ip_address": true,
            "availability_zone": "us-west-2c",
            "capacity_reservation_specification": [
              {
                "capacity_reservation_preference": "open",
                "capacity_reservation_target": []
              }
            ],
            "cpu_core_count": 8,
            "cpu_threads_per_core": 2,
            "credit_specification": [],
            "disable_api_termination": false,
            "ebs_block_device": [],
            "ebs_optimized": false,
            "enclave_options": [
              {
                "enabled": false
              }
            ],
            "ephemeral_block_device": [],
            "get_password_data": false,
            "hibernation": false,
            "host_id": null,
            "iam_instance_profile": "",
            "id": "i-0b2f4b064a96f4a5c",
            "instance_initiated_shutdown_behavior": "stop",
            "instance_state": "running",
            "instance_type": "c5.4xlarge",
            "ipv6_address_count": 0,
            "ipv6_addresses": [],
            "key_name": "deployer-key",
            "launch_template": [],
            "metadata_options": [
              {
                "http_endpoint": "enabled",
                "http_put_response_hop_limit": 1,
                "http_tokens": "optional"
              }
            ],
            "monitoring": false,
            "network_interface": [],
            "outpost_arn": "",
            "password_data": "",
            "placement_group": "",
            "primary_network_interface_id": "eni-00097a6951d6ddc22",
            "private_dns": "ip-10-0-1-205.us-west-2.compute.internal",
            "private_ip": "10.0.1.205",
            "public_dns": "",
            "public_ip": "34.213.245.66",
            "root_block_device": [
              {
                "delete_on_termination": false,
                "device_name": "/dev/sda1",
                "encrypted": false,
                "iops": 900,
                "kms_key_id": "",
                "tags": {},
                "throughput": 0,
                "volume_id": "vol-0d9f1ca6b62d3e0c8",
                "volume_size": 300,
                "volume_type": "gp2"
              }
            ],
            "secondary_private_ips": [],
            "security_groups": [],
            "source_dest_check": true,
            "subnet_id": "subnet-0dc30ccbd5d5b9797",
            "tags": {
              "Name": "ISE_3.1_Server"
            },
            "tags_all": {
              "Name": "ISE_3.1_Server"
            },
            "tenancy": "default",
            "timeouts": null,
            "user_data": "4af77b9954a3069b03d3926c69db81d8d1e9baac",
            "user_data_base64": null,
            "volume_tags": null,
            "vpc_security_group_ids": [
              "sg-05ecb1748048e3a1a"
            ]
          },
          "sensitive_attributes": [],
          "private": "eyJlMmJmYjczMC1lY2FhLTExZTYtOGY4OC0zNDM2M2JjN2M0YzAiOnsiY3JlYXRlIjo2MDAwMDAwMDAwMDAsImRlbGV0ZSI6MTIwMDAwMDAwMDAwMCwidXBkYXRlIjo2MDAwMDAwMDAwMDB9LCJzY2hlbWFfdmVyc2lvbiI6IjEifQ==",
          "dependencies": [
            "aws_key_pair.deployer",
            "aws_security_group.ISE_SG",
            "aws_subnet.ISE_subnet",
            "tls_private_key.pk"
          ],
          "create_before_destroy": true
        },
        {
          "status": "tainted",
          "deposed": "8242ec14",
          "schema_version": 1,
          "attributes": {
            "ami": "ami-0ef2cc6c45ca5fc1f",
            "arn": "arn:aws:ec2:us-west-2:426391735648:instance/i-09ef244ddd7e52971",
            "associate_public_ip_address": true,
            "availability_zone": "us-west-2c",
            "capacity_reservation_specification": [
              {
                "capacity_reservation_preference": "open",
                "capacity_reservation_target": []
              }
            ],
            "cpu_core_count": 8,
            "cpu_threads_per_core": 2,
            "credit_specification": [],
            "disable_api_termination": false,
            "ebs_block_device": [],
            "ebs_optimized": false,
            "enclave_options": [
              {
                "enabled": false
              }
            ],
            "ephemeral_block_device": [],
            "get_password_data": false,
            "hibernation": false,
            "host_id": null,
            "iam_instance_profile": "",
            "id": "i-09ef244ddd7e52971",
            "instance_initiated_shutdown_behavior": "stop",
            "instance_state": "running",
            "instance_type": "c5.4xlarge",
            "ipv6_address_count": 0,
            "ipv6_addresses": [],
            "key_name": "deployer-key",
            "launch_template": [],
            "metadata_options": [
              {
                "http_endpoint": "enabled",
                "http_put_response_hop_limit": 1,
                "http_tokens": "optional"
              }
            ],
            "monitoring": false,
            "network_interface": [],
            "outpost_arn": "",
            "password_data": "",
            "placement_group": "",
            "primary_network_interface_id": "eni-0df259d5165deb69b",
            "private_dns": "ip-10-0-1-165.us-west-2.compute.internal",
            "private_ip": "10.0.1.165",
            "public_dns": "",
            "public_ip": "18.236.233.51",
            "root_block_device": [
              {
                "delete_on_termination": false,
                "device_name": "/dev/sda1",
                "encrypted": false,
                "iops": 900,
                "kms_key_id": "",
                "tags": {},
                "throughput": 0,
                "volume_id": "vol-0898738c4c8944585",
                "volume_size": 300,
                "volume_type": "gp2"
              }
            ],
            "secondary_private_ips": [],
            "security_groups": [],
            "source_dest_check": true,
            "subnet_id": "subnet-0dc30ccbd5d5b9797",
            "tags": {
              "Name": "ISE_3.1_Server"
            },
            "tags_all": {
              "Name": "ISE_3.1_Server"
            },
            "tenancy": "default",
            "timeouts": null,
            "user_data": "4af77b9954a3069b03d3926c69db81d8d1e9baac",
            "user_data_base64": null,
            "volume_tags": null,
            "vpc_security_group_ids": [
              "sg-05ecb1748048e3a1a"
            ]
          },
          "sensitive_attributes": [],
          "private": "eyJlMmJmYjczMC1lY2FhLTExZTYtOGY4OC0zNDM2M2JjN2M0YzAiOnsiY3JlYXRlIjo2MDAwMDAwMDAwMDAsImRlbGV0ZSI6MTIwMDAwMDAwMDAwMCwidXBkYXRlIjo2MDAwMDAwMDAwMDB9LCJzY2hlbWFfdmVyc2lvbiI6IjEifQ==",
          "dependencies": [
            "aws_vpc.ISE_VPC",
            "tls_private_key.pk",
            "aws_key_pair.deployer",
            "aws_security_group.ISE_SG",
            "aws_subnet.ISE_subnet"
          ],
          "create_before_destroy": true
        },
        {
          "status": "tainted",
          "deposed": "d3a559bf",
          "schema_version": 1,
          "attributes": {
            "ami": "ami-0ef2cc6c45ca5fc1f",
            "arn": "arn:aws:ec2:us-west-2:426391735648:instance/i-0a4006e9422c8c898",
            "associate_public_ip_address": true,
            "availability_zone": "us-west-2c",
            "capacity_reservation_specification": [
              {
                "capacity_reservation_preference": "open",
                "capacity_reservation_target": []
              }
            ],
            "cpu_core_count": 8,
            "cpu_threads_per_core": 2,
            "credit_specification": [],
            "disable_api_termination": false,
            "ebs_block_device": [],
            "ebs_optimized": false,
            "enclave_options": [
              {
                "enabled": false
              }
            ],
            "ephemeral_block_device": [],
            "get_password_data": false,
            "hibernation": false,
            "host_id": null,
            "iam_instance_profile": "",
            "id": "i-0a4006e9422c8c898",
            "instance_initiated_shutdown_behavior": "stop",
            "instance_state": "running",
            "instance_type": "c5.4xlarge",
            "ipv6_address_count": 0,
            "ipv6_addresses": [],
            "key_name": "deployer-key",
            "launch_template": [],
            "metadata_options": [
              {
                "http_endpoint": "enabled",
                "http_put_response_hop_limit": 1,
                "http_tokens": "optional"
              }
            ],
            "monitoring": false,
            "network_interface": [],
            "outpost_arn": "",
            "password_data": "",
            "placement_group": "",
            "primary_network_interface_id": "eni-090bf26d162fe9850",
            "private_dns": "ip-10-0-1-202.us-west-2.compute.internal",
            "private_ip": "10.0.1.202",
            "public_dns": "",
            "public_ip": "52.26.118.212",
            "root_block_device": [
              {
                "delete_on_termination": false,
                "device_name": "/dev/sda1",
                "encrypted": false,
                "iops": 900,
                "kms_key_id": "",
                "tags": {},
                "throughput": 0,
                "volume_id": "vol-00f181a441214e17b",
                "volume_size": 300,
                "volume_type": "gp2"
              }
            ],
            "secondary_private_ips": [],
            "security_groups": [],
            "source_dest_check": true,
            "subnet_id": "subnet-0dc30ccbd5d5b9797",
            "tags": {
              "Name": "ISE_3.1_Server"
            },
            "tags_all": {
              "Name": "ISE_3.1_Server"
            },
            "tenancy": "default",
            "timeouts": null,
            "user_data": "4af77b9954a3069b03d3926c69db81d8d1e9baac",
            "user_data_base64": null,
            "volume_tags": null,
            "vpc_security_group_ids": [
              "sg-05ecb1748048e3a1a"
            ]
          },
          "sensitive_attributes": [],
          "private": "eyJlMmJmYjczMC1lY2FhLTExZTYtOGY4OC0zNDM2M2JjN2M0YzAiOnsiY3JlYXRlIjo2MDAwMDAwMDAwMDAsImRlbGV0ZSI6MTIwMDAwMDAwMDAwMCwidXBkYXRlIjo2MDAwMDAwMDAwMDB9LCJzY2hlbWFfdmVyc2lvbiI6IjEifQ==",
          "dependencies": [
            "aws_key_pair.deployer",
            "aws_security_group.ISE_SG",
            "aws_subnet.ISE_subnet",
            "aws_vpc.ISE_VPC",
            "tls_private_key.pk"
          ],
          "create_before_destroy": true
        },
        {
          "status": "tainted",
          "deposed": "e7d2706e",
          "schema_version": 1,
          "attributes": {
            "ami": "ami-0ef2cc6c45ca5fc1f",
            "arn": "arn:aws:ec2:us-west-2:426391735648:instance/i-071bf0290b65e7bb9",
            "associate_public_ip_address": true,
            "availability_zone": "us-west-2c",
            "capacity_reservation_specification": [
              {
                "capacity_reservation_preference": "open",
                "capacity_reservation_target": []
              }
            ],
            "cpu_core_count": 8,
            "cpu_threads_per_core": 2,
            "credit_specification": [],
            "disable_api_termination": false,
            "ebs_block_device": [],
            "ebs_optimized": false,
            "enclave_options": [
              {
                "enabled": false
              }
            ],
            "ephemeral_block_device": [],
            "get_password_data": false,
            "hibernation": false,
            "host_id": null,
            "iam_instance_profile": "",
            "id": "i-071bf0290b65e7bb9",
            "instance_initiated_shutdown_behavior": "stop",
            "instance_state": "running",
            "instance_type": "c5.4xlarge",
            "ipv6_address_count": 0,
            "ipv6_addresses": [],
            "key_name": "deployer-key",
            "launch_template": [],
            "metadata_options": [
              {
                "http_endpoint": "enabled",
                "http_put_response_hop_limit": 1,
                "http_tokens": "optional"
              }
            ],
            "monitoring": false,
            "network_interface": [],
            "outpost_arn": "",
            "password_data": "",
            "placement_group": "",
            "primary_network_interface_id": "eni-0bfff25324abb83b9",
            "private_dns": "ip-10-0-1-73.us-west-2.compute.internal",
            "private_ip": "10.0.1.73",
            "public_dns": "",
            "public_ip": "54.201.22.46",
            "root_block_device": [
              {
                "delete_on_termination": false,
                "device_name": "/dev/sda1",
                "encrypted": false,
                "iops": 900,
                "kms_key_id": "",
                "tags": {},
                "throughput": 0,
                "volume_id": "vol-0f901c644b1d49ae1",
                "volume_size": 300,
                "volume_type": "gp2"
              }
            ],
            "secondary_private_ips": [],
            "security_groups": [],
            "source_dest_check": true,
            "subnet_id": "subnet-0dc30ccbd5d5b9797",
            "tags": {
              "Name": "ISE_3.1_Server"
            },
            "tags_all": {
              "Name": "ISE_3.1_Server"
            },
            "tenancy": "default",
            "timeouts": null,
            "user_data": "4af77b9954a3069b03d3926c69db81d8d1e9baac",
            "user_data_base64": null,
            "volume_tags": null,
            "vpc_security_group_ids": [
              "sg-05ecb1748048e3a1a"
            ]
          },
          "sensitive_attributes": [],
          "private": "eyJlMmJmYjczMC1lY2FhLTExZTYtOGY4OC0zNDM2M2JjN2M0YzAiOnsiY3JlYXRlIjo2MDAwMDAwMDAwMDAsImRlbGV0ZSI6MTIwMDAwMDAwMDAwMCwidXBkYXRlIjo2MDAwMDAwMDAwMDB9LCJzY2hlbWFfdmVyc2lvbiI6IjEifQ==",
          "dependencies": [
            "aws_key_pair.deployer",
            "aws_security_group.ISE_SG",
            "aws_subnet.ISE_subnet",
            "aws_vpc.ISE_VPC",
            "tls_private_key.pk"
          ],
          "create_before_destroy": true
        }
      ]
    },
    {
      "mode": "managed",
      "type": "aws_internet_gateway",
      "name": "gw",
      "provider": "provider[\"registry.terraform.io/hashicorp/aws\"]",
      "instances": [
        {
          "schema_version": 0,
          "attributes": {
            "arn": "arn:aws:ec2:us-west-2:426391735648:internet-gateway/igw-0196b88100fc0ec37",
            "id": "igw-0196b88100fc0ec37",
            "owner_id": "426391735648",
            "tags": {
              "Name": "ISE_IGW"
            },
            "tags_all": {
              "Name": "ISE_IGW"
            },
            "vpc_id": "vpc-085771506208a66d6"
          },
          "sensitive_attributes": [],
          "private": "bnVsbA==",
          "dependencies": [
            "aws_vpc.ISE_VPC"
          ]
        }
      ]
    },
    {
      "mode": "managed",
      "type": "aws_key_pair",
      "name": "deployer",
      "provider": "provider[\"registry.terraform.io/hashicorp/aws\"]",
      "instances": [
        {
          "schema_version": 1,
          "attributes": {
            "arn": "arn:aws:ec2:us-west-2:426391735648:key-pair/deployer-key",
            "fingerprint": "ba:08:ea:8a:20:7d:5c:a2:ac:47:cc:fb:01:e4:d3:26",
            "id": "deployer-key",
            "key_name": "deployer-key",
            "key_name_prefix": null,
            "key_pair_id": "key-08abf20ab35d4577a",
            "public_key": "ssh-rsa AAAAB3NzaC1yc2EAAAADAQABAAABAQDITKFfMwiNApHwGt0deXmzcu4Iw5Gdr1Z58Axrgz2d/DMJmDZ1fXgl9YInT+KRsRHpX1//q84ZHFrSqLzUTv+Io2hzlnI6SEdmliCXDdkegEnUegyVJHk2KusZH91/AatIq4EfuMjIglgvz3Mq0V3KZwJsZnT+Og5CKSn3LVwaSvaQpDUMZpZTBe4EMYanLhS86Mv0UUotlKbxgJS3WAl+FHT5GcGRwxDIY4m+sZMZmuTfx9NapeqNgYaABj4tPEkjk0lqbC0ni6qIl9tBdPJDoqlYLpqOB2BEijMCflWSEBxKQXgLpjKkNjJ+ALJr3hoRDZUr0GspcoEtKDtWYWEF",
            "tags": {},
            "tags_all": {}
          },
          "sensitive_attributes": [],
          "private": "eyJzY2hlbWFfdmVyc2lvbiI6IjEifQ==",
          "dependencies": [
            "tls_private_key.pk"
          ],
          "create_before_destroy": true
        }
      ]
    },
    {
      "mode": "managed",
      "type": "aws_security_group",
      "name": "ISE_SG",
      "provider": "provider[\"registry.terraform.io/hashicorp/aws\"]",
      "instances": [
        {
          "schema_version": 1,
          "attributes": {
            "arn": "arn:aws:ec2:us-west-2:426391735648:security-group/sg-05ecb1748048e3a1a",
            "description": "Allow inbound traffic to ISE",
            "egress": [
              {
                "cidr_blocks": [
                  "0.0.0.0/0"
                ],
                "description": "",
                "from_port": 0,
                "ipv6_cidr_blocks": [
                  "::/0"
                ],
                "prefix_list_ids": [],
                "protocol": "-1",
                "security_groups": [],
                "self": false,
                "to_port": 0
              }
            ],
            "id": "sg-05ecb1748048e3a1a",
            "ingress": [
              {
                "cidr_blocks": [
                  "0.0.0.0/0"
                ],
                "description": "Allow all traffic to ISE VPC",
                "from_port": 0,
                "ipv6_cidr_blocks": [],
                "prefix_list_ids": [],
                "protocol": "-1",
                "security_groups": [],
                "self": false,
                "to_port": 0
              }
            ],
            "name": "ISE_SG",
            "name_prefix": "",
            "owner_id": "426391735648",
            "revoke_rules_on_delete": false,
            "tags": {
              "Name": "ISE_SG"
            },
            "tags_all": {
              "Name": "ISE_SG"
            },
            "timeouts": null,
            "vpc_id": "vpc-085771506208a66d6"
          },
          "sensitive_attributes": [],
          "private": "eyJlMmJmYjczMC1lY2FhLTExZTYtOGY4OC0zNDM2M2JjN2M0YzAiOnsiY3JlYXRlIjo2MDAwMDAwMDAwMDAsImRlbGV0ZSI6OTAwMDAwMDAwMDAwfSwic2NoZW1hX3ZlcnNpb24iOiIxIn0=",
          "dependencies": [
            "aws_vpc.ISE_VPC"
          ],
          "create_before_destroy": true
        }
      ]
    },
    {
      "mode": "managed",
      "type": "aws_subnet",
      "name": "ISE_subnet",
      "provider": "provider[\"registry.terraform.io/hashicorp/aws\"]",
      "instances": [
        {
          "schema_version": 1,
          "attributes": {
            "arn": "arn:aws:ec2:us-west-2:426391735648:subnet/subnet-0dc30ccbd5d5b9797",
            "assign_ipv6_address_on_creation": false,
            "availability_zone": "us-west-2c",
            "availability_zone_id": "usw2-az3",
            "cidr_block": "10.0.1.0/24",
            "customer_owned_ipv4_pool": "",
            "id": "subnet-0dc30ccbd5d5b9797",
            "ipv6_cidr_block": "",
            "ipv6_cidr_block_association_id": "",
            "map_customer_owned_ip_on_launch": false,
            "map_public_ip_on_launch": false,
            "outpost_arn": "",
            "owner_id": "426391735648",
            "tags": {
              "Name": "ISE_subnet"
            },
            "tags_all": {
              "Name": "ISE_subnet"
            },
            "timeouts": null,
            "vpc_id": "vpc-085771506208a66d6"
          },
          "sensitive_attributes": [],
          "private": "eyJlMmJmYjczMC1lY2FhLTExZTYtOGY4OC0zNDM2M2JjN2M0YzAiOnsiY3JlYXRlIjo2MDAwMDAwMDAwMDAsImRlbGV0ZSI6MTIwMDAwMDAwMDAwMH0sInNjaGVtYV92ZXJzaW9uIjoiMSJ9",
          "dependencies": [
            "aws_vpc.ISE_VPC"
          ],
          "create_before_destroy": true
        }
      ]
    },
    {
      "mode": "managed",
      "type": "aws_vpc",
      "name": "ISE_VPC",
      "provider": "provider[\"registry.terraform.io/hashicorp/aws\"]",
      "instances": [
        {
          "schema_version": 1,
          "attributes": {
            "arn": "arn:aws:ec2:us-west-2:426391735648:vpc/vpc-085771506208a66d6",
            "assign_generated_ipv6_cidr_block": false,
            "cidr_block": "10.0.0.0/16",
            "default_network_acl_id": "acl-096c3fd2697e84f51",
            "default_route_table_id": "rtb-0af44dfe3d6aefbfb",
            "default_security_group_id": "sg-0cb6a03f8c9d82196",
            "dhcp_options_id": "dopt-ad580fd5",
            "enable_classiclink": false,
            "enable_classiclink_dns_support": false,
            "enable_dns_hostnames": false,
            "enable_dns_support": true,
            "id": "vpc-085771506208a66d6",
            "instance_tenancy": "default",
            "ipv6_association_id": "",
            "ipv6_cidr_block": "",
            "main_route_table_id": "rtb-0af44dfe3d6aefbfb",
            "owner_id": "426391735648",
            "tags": {
              "Name": "ISE VPC"
            },
            "tags_all": {
              "Name": "ISE VPC"
            }
          },
          "sensitive_attributes": [],
          "private": "eyJzY2hlbWFfdmVyc2lvbiI6IjEifQ==",
          "create_before_destroy": true
        }
      ]
    },
    {
      "mode": "managed",
      "type": "local_file",
      "name": "key",
      "provider": "provider[\"registry.terraform.io/hashicorp/local\"]",
      "instances": [
        {
          "schema_version": 0,
          "attributes": {
            "content": null,
            "content_base64": null,
            "directory_permission": "0700",
            "file_permission": "0400",
            "filename": "deployer-key.pem",
            "id": "da39a3ee5e6b4b0d3255bfef95601890afd80709",
            "sensitive_content": null,
            "source": null
          },
          "sensitive_attributes": [],
          "private": "bnVsbA=="
        }
      ]
    },
    {
      "mode": "managed",
      "type": "tls_private_key",
      "name": "pk",
      "provider": "provider[\"registry.terraform.io/hashicorp/tls\"]",
      "instances": [
        {
          "schema_version": 0,
          "attributes": {
            "algorithm": "RSA",
            "ecdsa_curve": "P224",
            "id": "fb653e48a7f377034cd8dcb44a35f87c19230ab4",
            "private_key_pem": "-----BEGIN RSA PRIVATE KEY-----\nMIIEogIBAAKCAQEAyEyhXzMIjQKR8BrdHXl5s3LuCMORna9WefAMa4M9nfwzCZg2\ndX14JfWCJ0/ikbER6V9f/6vOGRxa0qi81E7/iKNoc5ZyOkhHZpYglw3ZHoBJ1HoM\nlSR5NirrGR/dfwGrSKuBH7jIyIJYL89zKtFdymcCbGZ0/joOQikp9y1cGkr2kKQ1\nDGaWUwXuBDGGpy4UvOjL9FFKLZSm8YCUt1gJfhR0+RnBkcMQyGOJvrGTGZrk38fT\nWqXqjYGGgAY+LTxJI5NJamwtJ4uqiJfbQXTyQ6KpWC6ajgdgRIozAn5VkhAcSkF4\nC6YypDYyfgCya94aEQ2VK9BrKXKBLSg7VmFhBQIDAQABAoIBADylTxrm9cjUJWHA\nkIBzHlEiFEZdCILo6tMCxo/q7cYe7UkTaDHMqos7uYuzmVMpfNXfRc7AsydROYKd\nCodx39b8Owz8WVuiNNQv0nBKBhpBF5mY1qR1pamr9wDlcAgbdkQLgY4cQdbL+G2J\nb0Jgn/g/ljFCGFw9McIAeq9XcZKX5MvhHik9+53HuMr88HXz0C+kLlCkKrpzi/kQ\nuZTziDsOBD6WoX0xSI/9ES32NGs9MnzoV+GFnMEmFddmhXdfI2GxFWH1n6BbtNW0\nmg47gDyUh55u/fRPgGUJPyHBYKArq0GPi27tUNVfJM+7Bre4m/MnqBDUO/dD1X2S\nzLbGYAECgYEA4B8q8jZNmd5+b/p94J7Wksn5P3Qh+VEN2HctkhUVSBKssmjGbZUs\nBtbQsK8DChEyqO7kJvWTT1cXbb+Q8wnTgyI66oLU6m3obgLrnUKbm4RxfG3vIDur\nQOeDqOZcmDtYE6UUQnYhT59BhyuD/LOcJPrX/ppJyBut03FavGe1SAECgYEA5MoH\ndVpiqssNwuvqiaazkb9GOFxj9hEy7g1ge9hx1HeYBRMvSzdRzQUzhKkmf9QY8klH\nNaCeXLwZegwEKfh0ADEz8w/1eJniIK0HaybwX93zpY4p5uHNoblM0s79Dm3Y2V86\nfBv3bWpVkX7YBO/VBfOm4mILnO6gjug+bgzO+QUCgYBcLTVyjNb5s8J4t6NR4MIL\neToj2NWoPqfdIZcCf91S2Sth7Sm/JB0JawxFvpUXbN9TD32ScGn3tbATGTi6XI47\nXrawgMKk8DMqG9VfxmdNXPl33Zb9wMy8UvuZWbU3fyDIY5qjgwZMQwmmWEVeh1hu\n9SQkuLwjqw6g6fwRhO3QAQKBgGDoDdawLSColzCb2qDpYh/2w5h10cVVLZxVQCvU\n1womidaEdMDIMrbDYDntp6f3P4XIcggN+2XOKoBefJkGaqP2M0nd1Zx6maQ7hevl\n92Szz1Ktb6QiuoWoxhh4ogktj+8qfcw50EihBJN3Baq5pyI5PNOgsciL7qf5SRA2\nDqi9AoGABqAVLXAZ6d/X3X6xDZCkG2DO9IKSyHfMdwZMWZETYu2WqlVzMbHF24zg\niY+hGl2JocskHuc0YZ242Zs2LwiOJ2fSvZjuhDIpCP3KDJKvTQqwbbDbIHKhCAVE\nVDm6I29W7nSFZxL9K6ILKAGxN+s4Y8smHIkRC/TD7gusnlZ7lM0=\n-----END RSA PRIVATE KEY-----\n",
            "public_key_fingerprint_md5": "5f:7b:17:a8:d9:5a:18:b4:07:ba:de:3d:ed:ed:4c:4b",
            "public_key_openssh": "ssh-rsa AAAAB3NzaC1yc2EAAAADAQABAAABAQDITKFfMwiNApHwGt0deXmzcu4Iw5Gdr1Z58Axrgz2d/DMJmDZ1fXgl9YInT+KRsRHpX1//q84ZHFrSqLzUTv+Io2hzlnI6SEdmliCXDdkegEnUegyVJHk2KusZH91/AatIq4EfuMjIglgvz3Mq0V3KZwJsZnT+Og5CKSn3LVwaSvaQpDUMZpZTBe4EMYanLhS86Mv0UUotlKbxgJS3WAl+FHT5GcGRwxDIY4m+sZMZmuTfx9NapeqNgYaABj4tPEkjk0lqbC0ni6qIl9tBdPJDoqlYLpqOB2BEijMCflWSEBxKQXgLpjKkNjJ+ALJr3hoRDZUr0GspcoEtKDtWYWEF\n",
            "public_key_pem": "-----BEGIN PUBLIC KEY-----\nMIIBIjANBgkqhkiG9w0BAQEFAAOCAQ8AMIIBCgKCAQEAyEyhXzMIjQKR8BrdHXl5\ns3LuCMORna9WefAMa4M9nfwzCZg2dX14JfWCJ0/ikbER6V9f/6vOGRxa0qi81E7/\niKNoc5ZyOkhHZpYglw3ZHoBJ1HoMlSR5NirrGR/dfwGrSKuBH7jIyIJYL89zKtFd\nymcCbGZ0/joOQikp9y1cGkr2kKQ1DGaWUwXuBDGGpy4UvOjL9FFKLZSm8YCUt1gJ\nfhR0+RnBkcMQyGOJvrGTGZrk38fTWqXqjYGGgAY+LTxJI5NJamwtJ4uqiJfbQXTy\nQ6KpWC6ajgdgRIozAn5VkhAcSkF4C6YypDYyfgCya94aEQ2VK9BrKXKBLSg7VmFh\nBQIDAQAB\n-----END PUBLIC KEY-----\n",
            "rsa_bits": 2048
          },
          "sensitive_attributes": [],
          "private": "bnVsbA==",
          "create_before_destroy": true
        },
        {
          "deposed": "49de91d6",
          "schema_version": 0,
          "attributes": {
            "algorithm": "RSA",
            "ecdsa_curve": "P224",
            "id": "84cdaba481ff7d2a4f43dc7950bf5c229e5be1b6",
            "private_key_pem": "-----BEGIN RSA PRIVATE KEY-----\nMIIJKAIBAAKCAgEAuRuUhbZ/yoJOt515kvg8veS0mRwZWJuamEkyoDRm9XipuoZv\nWzVmf+k3EPXR26a5aV/sRrUmSa0Wjn5iXjnvx6UHY72+HPgCY5M1xXXXt8jHfH4N\ncQALEelmjVqlt5JQeg7onG4GuBYxyAhtVyDTLIpHEQqt8hWFm531S3WSxAJc27bp\nPca1+kLEQhEVXa8643S3K2nm4NCfC47U0HScD57Bp0ADungNbHkpMuX37L8iiVnZ\nO/704g2zIz1MHShwwDts3sv4I3yjqyXkVESGZOOA+JizaDmUEd1KGZxwTgngwPKl\n/T6BpTr62gW/FixLFmcTVkXcRYBZCTcPcT0CVrFpr6ACKQyOjTpAG9im64Zr4Abo\nA+HmKy+IeRWqoa4RLxUrrnTDyCsXCC41NwGLMrV/pcGNREOmAB3JnX1BioVI03lJ\nza6Jmt1aaL5/HC/RK5KWRVf6apl0f6wcZUfZDKV7Bcnnl6lnsRFcGyMbPbl3FirY\nhjTVn57KCFjtD/uTAtt5ABmh5QPaaeYTo1Ag45dFEtfcGGDqvUxIgPwJPKTYXj++\nssxogU9DrKNMOH8c3yBxlAIXOkL1FdRTbcNFukZYIi+W9+GK3Yyo7uJ0KbilItxb\nzgMIujc03hBqXM5yh+PTq3AicPWWd1IgALOI2zVZixTbjvaqDOpJDX8QhS8CAwEA\nAQKCAgAWkJMhXabkU9Aut+abEOGusFOHmpJIZ+eHity+BMVMRSJDl6G5d6AAFbjd\nu2mSohdWDhhqYijBsHTgd+2b2Oou5yIoeXfUZjM8WjSi1oOuZq5SsbcHwF6ZF1+l\n+Zfb8d0Xk/utHgh5plL5NHXHujuj4VNac3fS2+bGmpHNWg7DEBqrufdizXdfg4YT\nG6wEGJlQIuk1RJqdazEIIqg0pRJlIRAwSDBsKbhRMc/g4YHAfWhDYA2IL8NATzU4\nJX/Cyiw8csIJwsmD4ey9r0fPMe9EGyucoli0athu+Q/QYW6bRL7+JlYvsc/yCWeM\n7khl9o5Ms9H6oVeBrWytH+YlAq/nFklB4CoxFSSkobLv+I4nUh/z4yYcDI7KKsLT\nr0ZoMk7VgYbIob/dy9UJ51YIgo4wteQ3sgy0s4zcD2s5LhOYzQiflahCufDMboBy\nf3SBvaeDVuzhovi5gA93chUPaGoDnTSQVGkQ88n69QqwQcQv2vq+MlVg8kOYvaXg\n6Vdkh1+yn5elWjLuQFLnFOpDOhMqf5eeCQP5tMkBSvCqpF8M2/ky+GxjrVClL1xv\nKUssMW/AkZcVKkjLMXT6o6whnyDN8JhPO7fPhsPGSOv1VJ3cW58D8DNoQxoPqea9\nI+mrUkIO8hxpx+R554QisStfcbqUUSIidaJXZND7s0vQHWpLOQKCAQEAyPUtN/ro\nNg6+PcgCDzwvqXN8wRetY5ETmpGoalGY+2jREU83ceV/P63Lgtxeu5MrIlL9ageJ\n4wB/I+rCciRfdHv27MU1HGEbxcJh1dswGEoH58oK1eD7SpQtc38SyrUrtaSmRMbj\nZFwr5snw2A5s6VD3vGqEDuB1OMDhPih8UqNgsbW4O4TdNf6K6PwgXRgHdk6kU9gr\nomksTdRqER9b8hiNRzsl8yj15OYVy7Th/WQ2tujURaRPYWwiuhWCv/aSKxpxksod\nz1hzrKgF2ulh67X7iFCdLmnAWeHc41p+e4b2y9dkxs5fmjADWs0Z61+uOVppkPVl\nQFIZCXWdVUUqOwKCAQEA688HV/jbiS+Lnl6arys5+stlxNYp3eSYIADlC8wnNoSc\nroTBVhpRY4yvqdfO7fxIbfEJbUR2Vvu2/lDI/jUTt6Pbe4HsjU1+04ENKRSt0zve\nNrHvNZk+UdNLidR8g/O3LSn9sLoemLbV+w+brrmTy71cd1oBAZH9NWeyZJ6kCrov\nHZwHTccjUmNfVLioE93/pC3pcs6tLSnb+pPTl4ND5+iUAMULhzy1bNApfAfUOmSb\nKsViWRTiiqA+GMZyxnnWUTH3nwq4mUDEiZKrrb+fN6EDJMSEzT2R0ZVNa4WfdK61\nZOln0TcK2jKAve5Lp0A2xFqIm78JR1SzG7Ta3NftnQKCAQBe7JlAgS+hIVOxwUFf\nyvFEnL3IRBPuHUBiWf1wwzx9PWTMRVwOW/bAsKqaFNhWyEyuuP7lT8xNQxXLdIAH\nBLFmR4w7CWhuEFzbDFfEefX88zNKxQBbSRvKfbX+gX7x66RK+AxmHoCZDoTaTneK\nxz2g9FMhWDsq/9G/TjTXdK5NJsltCEaPLtKDR8p8BWSQNOKJetpalJj/7ag012qG\nzgZTlE9f30us0aNdTWXsRHQfim/h9JcYkmXAwiChP7n0TVd8LtCJIxnzsHdrji69\n2lIb0mmPWWz12JQ4oN0DM+LdHMKFRShgVGmKXrWm9Y0Rxq94fgGxrIj4Wg9jjYAV\nIEezAoIBAAh6JNVwyNOhte83j3AEqczuSvZMjKzBbwaXgaRu7mnzUn6jnx+tSoe9\nowMEExhTHXd2VtRqxaZS3j0+QjuBRPgxF87U2OArjQeleAemCqmxWUe2Fddjbu4a\nHnkR/nfv5wHkpI4Z4seyqvaflQUu/rUwVYak4axgxy2IUM11Noh8MP1rgoe1RPvN\nPrwY91HfhTUtwVqzO16IRrQ3ZD/qJCLOJaPxcXynHg6PXS5sSaDfxQRAnEx/h7Vc\nFV9movGnp6C7nx9Ej2ZTAb3AXBOe8+ZYD3je57dJI1jZeTMIVrcnILZD/ctzoxw8\n/IvXaTjWAiIE7yxKLdc2oEm6srOFv7ECggEBAMPK3mDCEFr4bf7er3a4VEoPgr39\n9+wC6BAOyK2iDDBZwS5JTtXnpudtS9+CUP/U3z/2jhHqibmTWifl4ypVJV2cgiRX\nLDLFf+TxQuyEZPxe1RjjE9Vt5CVeI4g0KGNKge6gY3aZt/3UjfVgog1LXxS2J8Nv\nEApWxvWRW0Pc5B5Qq79bChRUq6fUoW8wPCLvywdQtY9pPFwRuvgrb6LN0YWZmmcW\nZw1+E4Jl8+eA5qX85a4SXkuR6QXC3dAjiVFYfmqh6Fb4umDIicLqWX8qbObZD1q8\nlT/1w+Ya8q0P46QwlvWQItp0R/MmD+IUV9MJzduelb6oOxc81NjMpHwroPE=\n-----END RSA PRIVATE KEY-----\n",
            "public_key_fingerprint_md5": "8c:71:ec:e3:93:73:01:2f:81:eb:af:9b:46:ec:00:c7",
            "public_key_openssh": "ssh-rsa AAAAB3NzaC1yc2EAAAADAQABAAACAQC5G5SFtn/Kgk63nXmS+Dy95LSZHBlYm5qYSTKgNGb1eKm6hm9bNWZ/6TcQ9dHbprlpX+xGtSZJrRaOfmJeOe/HpQdjvb4c+AJjkzXFdde3yMd8fg1xAAsR6WaNWqW3klB6Duicbga4FjHICG1XINMsikcRCq3yFYWbnfVLdZLEAlzbtuk9xrX6QsRCERVdrzrjdLcraebg0J8LjtTQdJwPnsGnQAO6eA1seSky5ffsvyKJWdk7/vTiDbMjPUwdKHDAO2zey/gjfKOrJeRURIZk44D4mLNoOZQR3UoZnHBOCeDA8qX9PoGlOvraBb8WLEsWZxNWRdxFgFkJNw9xPQJWsWmvoAIpDI6NOkAb2KbrhmvgBugD4eYrL4h5FaqhrhEvFSuudMPIKxcILjU3AYsytX+lwY1EQ6YAHcmdfUGKhUjTeUnNroma3Vpovn8cL9ErkpZFV/pqmXR/rBxlR9kMpXsFyeeXqWexEVwbIxs9uXcWKtiGNNWfnsoIWO0P+5MC23kAGaHlA9pp5hOjUCDjl0US19wYYOq9TEiA/Ak8pNheP76yzGiBT0Oso0w4fxzfIHGUAhc6QvUV1FNtw0W6RlgiL5b34YrdjKju4nQpuKUi3FvOAwi6NzTeEGpcznKH49OrcCJw9ZZ3UiAAs4jbNVmLFNuO9qoM6kkNfxCFLw==\n",
            "public_key_pem": "-----BEGIN PUBLIC KEY-----\nMIICIjANBgkqhkiG9w0BAQEFAAOCAg8AMIICCgKCAgEAuRuUhbZ/yoJOt515kvg8\nveS0mRwZWJuamEkyoDRm9XipuoZvWzVmf+k3EPXR26a5aV/sRrUmSa0Wjn5iXjnv\nx6UHY72+HPgCY5M1xXXXt8jHfH4NcQALEelmjVqlt5JQeg7onG4GuBYxyAhtVyDT\nLIpHEQqt8hWFm531S3WSxAJc27bpPca1+kLEQhEVXa8643S3K2nm4NCfC47U0HSc\nD57Bp0ADungNbHkpMuX37L8iiVnZO/704g2zIz1MHShwwDts3sv4I3yjqyXkVESG\nZOOA+JizaDmUEd1KGZxwTgngwPKl/T6BpTr62gW/FixLFmcTVkXcRYBZCTcPcT0C\nVrFpr6ACKQyOjTpAG9im64Zr4AboA+HmKy+IeRWqoa4RLxUrrnTDyCsXCC41NwGL\nMrV/pcGNREOmAB3JnX1BioVI03lJza6Jmt1aaL5/HC/RK5KWRVf6apl0f6wcZUfZ\nDKV7Bcnnl6lnsRFcGyMbPbl3FirYhjTVn57KCFjtD/uTAtt5ABmh5QPaaeYTo1Ag\n45dFEtfcGGDqvUxIgPwJPKTYXj++ssxogU9DrKNMOH8c3yBxlAIXOkL1FdRTbcNF\nukZYIi+W9+GK3Yyo7uJ0KbilItxbzgMIujc03hBqXM5yh+PTq3AicPWWd1IgALOI\n2zVZixTbjvaqDOpJDX8QhS8CAwEAAQ==\n-----END PUBLIC KEY-----\n",
            "rsa_bits": 4096
          },
          "sensitive_attributes": [],
          "private": "bnVsbA==",
          "create_before_destroy": true
        }
      ]
    }
  ]
}
